// !$*UTF8*$!
{
	archiveVersion = 1;
	classes = {
	};
	objectVersion = 77;
	objects = {

/* Begin PBXBuildFile section */
		24DE86992CBEA29C00A20B7A /* PythonKit in Frameworks */ = {isa = PBXBuildFile; productRef = 24DE86982CBEA29C00A20B7A /* PythonKit */; };
/* End PBXBuildFile section */

/* Begin PBXContainerItemProxy section */
		24DE86752CBE933400A20B7A /* PBXContainerItemProxy */ = {
			isa = PBXContainerItemProxy;
			containerPortal = 24DE865B2CBE933300A20B7A /* Project object */;
			proxyType = 1;
			remoteGlobalIDString = 24DE86622CBE933300A20B7A;
			remoteInfo = "Scrabble-app";
		};
		24DE867F2CBE933400A20B7A /* PBXContainerItemProxy */ = {
			isa = PBXContainerItemProxy;
			containerPortal = 24DE865B2CBE933300A20B7A /* Project object */;
			proxyType = 1;
			remoteGlobalIDString = 24DE86622CBE933300A20B7A;
			remoteInfo = "Scrabble-app";
		};
/* End PBXContainerItemProxy section */

/* Begin PBXFileReference section */
		24DE86632CBE933300A20B7A /* Scrabble-app.app */ = {isa = PBXFileReference; explicitFileType = wrapper.application; includeInIndex = 0; path = "Scrabble-app.app"; sourceTree = BUILT_PRODUCTS_DIR; };
		24DE86742CBE933400A20B7A /* Scrabble-appTests.xctest */ = {isa = PBXFileReference; explicitFileType = wrapper.cfbundle; includeInIndex = 0; path = "Scrabble-appTests.xctest"; sourceTree = BUILT_PRODUCTS_DIR; };
		24DE867E2CBE933400A20B7A /* Scrabble-appUITests.xctest */ = {isa = PBXFileReference; explicitFileType = wrapper.cfbundle; includeInIndex = 0; path = "Scrabble-appUITests.xctest"; sourceTree = BUILT_PRODUCTS_DIR; };
/* End PBXFileReference section */

/* Begin PBXFileSystemSynchronizedRootGroup section */
		24DE86652CBE933300A20B7A /* Scrabble-app */ = {
			isa = PBXFileSystemSynchronizedRootGroup;
			path = "Scrabble-app";
			sourceTree = "<group>";
		};
		24DE86772CBE933400A20B7A /* Scrabble-appTests */ = {
			isa = PBXFileSystemSynchronizedRootGroup;
			path = "Scrabble-appTests";
			sourceTree = "<group>";
		};
		24DE86812CBE933400A20B7A /* Scrabble-appUITests */ = {
			isa = PBXFileSystemSynchronizedRootGroup;
			path = "Scrabble-appUITests";
			sourceTree = "<group>";
		};
/* End PBXFileSystemSynchronizedRootGroup section */

/* Begin PBXFrameworksBuildPhase section */
		24DE86602CBE933300A20B7A /* Frameworks */ = {
			isa = PBXFrameworksBuildPhase;
			buildActionMask = 2147483647;
			files = (
				24DE86992CBEA29C00A20B7A /* PythonKit in Frameworks */,
			);
			runOnlyForDeploymentPostprocessing = 0;
		};
		24DE86712CBE933400A20B7A /* Frameworks */ = {
			isa = PBXFrameworksBuildPhase;
			buildActionMask = 2147483647;
			files = (
			);
			runOnlyForDeploymentPostprocessing = 0;
		};
		24DE867B2CBE933400A20B7A /* Frameworks */ = {
			isa = PBXFrameworksBuildPhase;
			buildActionMask = 2147483647;
			files = (
			);
			runOnlyForDeploymentPostprocessing = 0;
		};
/* End PBXFrameworksBuildPhase section */

/* Begin PBXGroup section */
		24DE865A2CBE933300A20B7A = {
			isa = PBXGroup;
			children = (
				24DE86652CBE933300A20B7A /* Scrabble-app */,
				24DE86772CBE933400A20B7A /* Scrabble-appTests */,
				24DE86812CBE933400A20B7A /* Scrabble-appUITests */,
				24DE86642CBE933300A20B7A /* Products */,
			);
			sourceTree = "<group>";
		};
		24DE86642CBE933300A20B7A /* Products */ = {
			isa = PBXGroup;
			children = (
				24DE86632CBE933300A20B7A /* Scrabble-app.app */,
				24DE86742CBE933400A20B7A /* Scrabble-appTests.xctest */,
				24DE867E2CBE933400A20B7A /* Scrabble-appUITests.xctest */,
			);
			name = Products;
			sourceTree = "<group>";
		};
/* End PBXGroup section */

/* Begin PBXNativeTarget section */
		24DE86622CBE933300A20B7A /* Scrabble-app */ = {
			isa = PBXNativeTarget;
			buildConfigurationList = 24DE86882CBE933400A20B7A /* Build configuration list for PBXNativeTarget "Scrabble-app" */;
			buildPhases = (
				24DE865F2CBE933300A20B7A /* Sources */,
				24DE86602CBE933300A20B7A /* Frameworks */,
				24DE86612CBE933300A20B7A /* Resources */,
			);
			buildRules = (
			);
			dependencies = (
			);
			fileSystemSynchronizedGroups = (
				24DE86652CBE933300A20B7A /* Scrabble-app */,
			);
			name = "Scrabble-app";
			packageProductDependencies = (
				24DE86982CBEA29C00A20B7A /* PythonKit */,
			);
			productName = "Scrabble-app";
			productReference = 24DE86632CBE933300A20B7A /* Scrabble-app.app */;
			productType = "com.apple.product-type.application";
		};
		24DE86732CBE933400A20B7A /* Scrabble-appTests */ = {
			isa = PBXNativeTarget;
			buildConfigurationList = 24DE868B2CBE933400A20B7A /* Build configuration list for PBXNativeTarget "Scrabble-appTests" */;
			buildPhases = (
				24DE86702CBE933400A20B7A /* Sources */,
				24DE86712CBE933400A20B7A /* Frameworks */,
				24DE86722CBE933400A20B7A /* Resources */,
			);
			buildRules = (
			);
			dependencies = (
				24DE86762CBE933400A20B7A /* PBXTargetDependency */,
			);
			fileSystemSynchronizedGroups = (
				24DE86772CBE933400A20B7A /* Scrabble-appTests */,
			);
			name = "Scrabble-appTests";
			packageProductDependencies = (
			);
			productName = "Scrabble-appTests";
			productReference = 24DE86742CBE933400A20B7A /* Scrabble-appTests.xctest */;
			productType = "com.apple.product-type.bundle.unit-test";
		};
		24DE867D2CBE933400A20B7A /* Scrabble-appUITests */ = {
			isa = PBXNativeTarget;
			buildConfigurationList = 24DE868E2CBE933400A20B7A /* Build configuration list for PBXNativeTarget "Scrabble-appUITests" */;
			buildPhases = (
				24DE867A2CBE933400A20B7A /* Sources */,
				24DE867B2CBE933400A20B7A /* Frameworks */,
				24DE867C2CBE933400A20B7A /* Resources */,
			);
			buildRules = (
			);
			dependencies = (
				24DE86802CBE933400A20B7A /* PBXTargetDependency */,
			);
			fileSystemSynchronizedGroups = (
				24DE86812CBE933400A20B7A /* Scrabble-appUITests */,
			);
			name = "Scrabble-appUITests";
			packageProductDependencies = (
			);
			productName = "Scrabble-appUITests";
			productReference = 24DE867E2CBE933400A20B7A /* Scrabble-appUITests.xctest */;
			productType = "com.apple.product-type.bundle.ui-testing";
		};
/* End PBXNativeTarget section */

/* Begin PBXProject section */
		24DE865B2CBE933300A20B7A /* Project object */ = {
			isa = PBXProject;
			attributes = {
				BuildIndependentTargetsInParallel = 1;
				LastSwiftUpdateCheck = 1600;
				LastUpgradeCheck = 1600;
				TargetAttributes = {
					24DE86622CBE933300A20B7A = {
						CreatedOnToolsVersion = 16.0;
					};
					24DE86732CBE933400A20B7A = {
						CreatedOnToolsVersion = 16.0;
						TestTargetID = 24DE86622CBE933300A20B7A;
					};
					24DE867D2CBE933400A20B7A = {
						CreatedOnToolsVersion = 16.0;
						TestTargetID = 24DE86622CBE933300A20B7A;
					};
				};
			};
			buildConfigurationList = 24DE865E2CBE933300A20B7A /* Build configuration list for PBXProject "Scrabble-app" */;
			developmentRegion = en;
			hasScannedForEncodings = 0;
			knownRegions = (
				en,
				Base,
			);
			mainGroup = 24DE865A2CBE933300A20B7A;
			minimizedProjectReferenceProxies = 1;
			packageReferences = (
				24DE86942CBEA22C00A20B7A /* XCRemoteSwiftPackageReference "PythonKit" */,
			);
			preferredProjectObjectVersion = 77;
			productRefGroup = 24DE86642CBE933300A20B7A /* Products */;
			projectDirPath = "";
			projectRoot = "";
			targets = (
				24DE86622CBE933300A20B7A /* Scrabble-app */,
				24DE86732CBE933400A20B7A /* Scrabble-appTests */,
				24DE867D2CBE933400A20B7A /* Scrabble-appUITests */,
			);
		};
/* End PBXProject section */

/* Begin PBXResourcesBuildPhase section */
		24DE86612CBE933300A20B7A /* Resources */ = {
			isa = PBXResourcesBuildPhase;
			buildActionMask = 2147483647;
			files = (
			);
			runOnlyForDeploymentPostprocessing = 0;
		};
		24DE86722CBE933400A20B7A /* Resources */ = {
			isa = PBXResourcesBuildPhase;
			buildActionMask = 2147483647;
			files = (
			);
			runOnlyForDeploymentPostprocessing = 0;
		};
		24DE867C2CBE933400A20B7A /* Resources */ = {
			isa = PBXResourcesBuildPhase;
			buildActionMask = 2147483647;
			files = (
			);
			runOnlyForDeploymentPostprocessing = 0;
		};
/* End PBXResourcesBuildPhase section */

/* Begin PBXSourcesBuildPhase section */
		24DE865F2CBE933300A20B7A /* Sources */ = {
			isa = PBXSourcesBuildPhase;
			buildActionMask = 2147483647;
			files = (
			);
			runOnlyForDeploymentPostprocessing = 0;
		};
		24DE86702CBE933400A20B7A /* Sources */ = {
			isa = PBXSourcesBuildPhase;
			buildActionMask = 2147483647;
			files = (
			);
			runOnlyForDeploymentPostprocessing = 0;
		};
		24DE867A2CBE933400A20B7A /* Sources */ = {
			isa = PBXSourcesBuildPhase;
			buildActionMask = 2147483647;
			files = (
			);
			runOnlyForDeploymentPostprocessing = 0;
		};
/* End PBXSourcesBuildPhase section */

/* Begin PBXTargetDependency section */
		24DE86762CBE933400A20B7A /* PBXTargetDependency */ = {
			isa = PBXTargetDependency;
			target = 24DE86622CBE933300A20B7A /* Scrabble-app */;
			targetProxy = 24DE86752CBE933400A20B7A /* PBXContainerItemProxy */;
		};
		24DE86802CBE933400A20B7A /* PBXTargetDependency */ = {
			isa = PBXTargetDependency;
			target = 24DE86622CBE933300A20B7A /* Scrabble-app */;
			targetProxy = 24DE867F2CBE933400A20B7A /* PBXContainerItemProxy */;
		};
/* End PBXTargetDependency section */

/* Begin XCBuildConfiguration section */
		24DE86862CBE933400A20B7A /* Debug */ = {
			isa = XCBuildConfiguration;
			buildSettings = {
				ALWAYS_SEARCH_USER_PATHS = NO;
				ASSETCATALOG_COMPILER_GENERATE_SWIFT_ASSET_SYMBOL_EXTENSIONS = YES;
				CLANG_ANALYZER_NONNULL = YES;
				CLANG_ANALYZER_NUMBER_OBJECT_CONVERSION = YES_AGGRESSIVE;
				CLANG_CXX_LANGUAGE_STANDARD = "gnu++20";
				CLANG_ENABLE_MODULES = YES;
				CLANG_ENABLE_OBJC_ARC = YES;
				CLANG_ENABLE_OBJC_WEAK = YES;
				CLANG_WARN_BLOCK_CAPTURE_AUTORELEASING = YES;
				CLANG_WARN_BOOL_CONVERSION = YES;
				CLANG_WARN_COMMA = YES;
				CLANG_WARN_CONSTANT_CONVERSION = YES;
				CLANG_WARN_DEPRECATED_OBJC_IMPLEMENTATIONS = YES;
				CLANG_WARN_DIRECT_OBJC_ISA_USAGE = YES_ERROR;
				CLANG_WARN_DOCUMENTATION_COMMENTS = YES;
				CLANG_WARN_EMPTY_BODY = YES;
				CLANG_WARN_ENUM_CONVERSION = YES;
				CLANG_WARN_INFINITE_RECURSION = YES;
				CLANG_WARN_INT_CONVERSION = YES;
				CLANG_WARN_NON_LITERAL_NULL_CONVERSION = YES;
				CLANG_WARN_OBJC_IMPLICIT_RETAIN_SELF = YES;
				CLANG_WARN_OBJC_LITERAL_CONVERSION = YES;
				CLANG_WARN_OBJC_ROOT_CLASS = YES_ERROR;
				CLANG_WARN_QUOTED_INCLUDE_IN_FRAMEWORK_HEADER = YES;
				CLANG_WARN_RANGE_LOOP_ANALYSIS = YES;
				CLANG_WARN_STRICT_PROTOTYPES = YES;
				CLANG_WARN_SUSPICIOUS_MOVE = YES;
				CLANG_WARN_UNGUARDED_AVAILABILITY = YES_AGGRESSIVE;
				CLANG_WARN_UNREACHABLE_CODE = YES;
				CLANG_WARN__DUPLICATE_METHOD_MATCH = YES;
				COPY_PHASE_STRIP = NO;
				DEBUG_INFORMATION_FORMAT = dwarf;
				ENABLE_STRICT_OBJC_MSGSEND = YES;
				ENABLE_TESTABILITY = YES;
				ENABLE_USER_SCRIPT_SANDBOXING = YES;
				GCC_C_LANGUAGE_STANDARD = gnu17;
				GCC_DYNAMIC_NO_PIC = NO;
				GCC_NO_COMMON_BLOCKS = YES;
				GCC_OPTIMIZATION_LEVEL = 0;
				GCC_PREPROCESSOR_DEFINITIONS = (
					"DEBUG=1",
					"$(inherited)",
				);
				GCC_WARN_64_TO_32_BIT_CONVERSION = YES;
				GCC_WARN_ABOUT_RETURN_TYPE = YES_ERROR;
				GCC_WARN_UNDECLARED_SELECTOR = YES;
				GCC_WARN_UNINITIALIZED_AUTOS = YES_AGGRESSIVE;
				GCC_WARN_UNUSED_FUNCTION = YES;
				GCC_WARN_UNUSED_VARIABLE = YES;
				LOCALIZATION_PREFERS_STRING_CATALOGS = YES;
				MACOSX_DEPLOYMENT_TARGET = 14.6;
				MTL_ENABLE_DEBUG_INFO = INCLUDE_SOURCE;
				MTL_FAST_MATH = YES;
				ONLY_ACTIVE_ARCH = YES;
				SDKROOT = macosx;
				SWIFT_ACTIVE_COMPILATION_CONDITIONS = "DEBUG $(inherited)";
				SWIFT_OPTIMIZATION_LEVEL = "-Onone";
			};
			name = Debug;
		};
		24DE86872CBE933400A20B7A /* Release */ = {
			isa = XCBuildConfiguration;
			buildSettings = {
				ALWAYS_SEARCH_USER_PATHS = NO;
				ASSETCATALOG_COMPILER_GENERATE_SWIFT_ASSET_SYMBOL_EXTENSIONS = YES;
				CLANG_ANALYZER_NONNULL = YES;
				CLANG_ANALYZER_NUMBER_OBJECT_CONVERSION = YES_AGGRESSIVE;
				CLANG_CXX_LANGUAGE_STANDARD = "gnu++20";
				CLANG_ENABLE_MODULES = YES;
				CLANG_ENABLE_OBJC_ARC = YES;
				CLANG_ENABLE_OBJC_WEAK = YES;
				CLANG_WARN_BLOCK_CAPTURE_AUTORELEASING = YES;
				CLANG_WARN_BOOL_CONVERSION = YES;
				CLANG_WARN_COMMA = YES;
				CLANG_WARN_CONSTANT_CONVERSION = YES;
				CLANG_WARN_DEPRECATED_OBJC_IMPLEMENTATIONS = YES;
				CLANG_WARN_DIRECT_OBJC_ISA_USAGE = YES_ERROR;
				CLANG_WARN_DOCUMENTATION_COMMENTS = YES;
				CLANG_WARN_EMPTY_BODY = YES;
				CLANG_WARN_ENUM_CONVERSION = YES;
				CLANG_WARN_INFINITE_RECURSION = YES;
				CLANG_WARN_INT_CONVERSION = YES;
				CLANG_WARN_NON_LITERAL_NULL_CONVERSION = YES;
				CLANG_WARN_OBJC_IMPLICIT_RETAIN_SELF = YES;
				CLANG_WARN_OBJC_LITERAL_CONVERSION = YES;
				CLANG_WARN_OBJC_ROOT_CLASS = YES_ERROR;
				CLANG_WARN_QUOTED_INCLUDE_IN_FRAMEWORK_HEADER = YES;
				CLANG_WARN_RANGE_LOOP_ANALYSIS = YES;
				CLANG_WARN_STRICT_PROTOTYPES = YES;
				CLANG_WARN_SUSPICIOUS_MOVE = YES;
				CLANG_WARN_UNGUARDED_AVAILABILITY = YES_AGGRESSIVE;
				CLANG_WARN_UNREACHABLE_CODE = YES;
				CLANG_WARN__DUPLICATE_METHOD_MATCH = YES;
				COPY_PHASE_STRIP = NO;
				DEBUG_INFORMATION_FORMAT = "dwarf-with-dsym";
				ENABLE_NS_ASSERTIONS = NO;
				ENABLE_STRICT_OBJC_MSGSEND = YES;
				ENABLE_USER_SCRIPT_SANDBOXING = YES;
				GCC_C_LANGUAGE_STANDARD = gnu17;
				GCC_NO_COMMON_BLOCKS = YES;
				GCC_WARN_64_TO_32_BIT_CONVERSION = YES;
				GCC_WARN_ABOUT_RETURN_TYPE = YES_ERROR;
				GCC_WARN_UNDECLARED_SELECTOR = YES;
				GCC_WARN_UNINITIALIZED_AUTOS = YES_AGGRESSIVE;
				GCC_WARN_UNUSED_FUNCTION = YES;
				GCC_WARN_UNUSED_VARIABLE = YES;
				LOCALIZATION_PREFERS_STRING_CATALOGS = YES;
				MACOSX_DEPLOYMENT_TARGET = 14.6;
				MTL_ENABLE_DEBUG_INFO = NO;
				MTL_FAST_MATH = YES;
				SDKROOT = macosx;
				SWIFT_COMPILATION_MODE = wholemodule;
			};
			name = Release;
		};
		24DE86892CBE933400A20B7A /* Debug */ = {
			isa = XCBuildConfiguration;
			buildSettings = {
				ASSETCATALOG_COMPILER_APPICON_NAME = AppIcon;
				ASSETCATALOG_COMPILER_GLOBAL_ACCENT_COLOR_NAME = AccentColor;
				CODE_SIGN_ENTITLEMENTS = "Scrabble-app/Scrabble_app.entitlements";
				CODE_SIGN_STYLE = Automatic;
				COMBINE_HIDPI_IMAGES = YES;
				CURRENT_PROJECT_VERSION = 1;
				DEVELOPMENT_ASSET_PATHS = "\"Scrabble-app/Preview Content\"";
				DEVELOPMENT_TEAM = SR7PAQ7M3T;
				ENABLE_HARDENED_RUNTIME = YES;
				ENABLE_PREVIEWS = YES;
				GENERATE_INFOPLIST_FILE = YES;
				INFOPLIST_KEY_NSHumanReadableCopyright = "";
				LD_RUNPATH_SEARCH_PATHS = (
					"$(inherited)",
					"@executable_path/../Frameworks",
				);
				MARKETING_VERSION = 1.0;
				PRODUCT_BUNDLE_IDENTIFIER = "com.georgiosklonis.Scrabble-app";
				PRODUCT_NAME = "$(TARGET_NAME)";
				SWIFT_EMIT_LOC_STRINGS = YES;
				SWIFT_VERSION = 5.0;
			};
			name = Debug;
		};
		24DE868A2CBE933400A20B7A /* Release */ = {
			isa = XCBuildConfiguration;
			buildSettings = {
				ASSETCATALOG_COMPILER_APPICON_NAME = AppIcon;
				ASSETCATALOG_COMPILER_GLOBAL_ACCENT_COLOR_NAME = AccentColor;
				CODE_SIGN_ENTITLEMENTS = "Scrabble-app/Scrabble_app.entitlements";
				CODE_SIGN_STYLE = Automatic;
				COMBINE_HIDPI_IMAGES = YES;
				CURRENT_PROJECT_VERSION = 1;
				DEVELOPMENT_ASSET_PATHS = "\"Scrabble-app/Preview Content\"";
				DEVELOPMENT_TEAM = SR7PAQ7M3T;
				ENABLE_HARDENED_RUNTIME = YES;
				ENABLE_PREVIEWS = YES;
				GENERATE_INFOPLIST_FILE = YES;
				INFOPLIST_KEY_NSHumanReadableCopyright = "";
				LD_RUNPATH_SEARCH_PATHS = (
					"$(inherited)",
					"@executable_path/../Frameworks",
				);
				MARKETING_VERSION = 1.0;
				PRODUCT_BUNDLE_IDENTIFIER = "com.georgiosklonis.Scrabble-app";
				PRODUCT_NAME = "$(TARGET_NAME)";
				SWIFT_EMIT_LOC_STRINGS = YES;
				SWIFT_VERSION = 5.0;
			};
			name = Release;
		};
		24DE868C2CBE933400A20B7A /* Debug */ = {
			isa = XCBuildConfiguration;
			buildSettings = {
				BUNDLE_LOADER = "$(TEST_HOST)";
				CODE_SIGN_STYLE = Automatic;
				CURRENT_PROJECT_VERSION = 1;
				DEVELOPMENT_TEAM = M95BWQL3S9;
				GENERATE_INFOPLIST_FILE = YES;
				MACOSX_DEPLOYMENT_TARGET = 14.6;
				MARKETING_VERSION = 1.0;
				PRODUCT_BUNDLE_IDENTIFIER = "com.georgiosklonis.Scrabble-appTests";
				PRODUCT_NAME = "$(TARGET_NAME)";
				SWIFT_EMIT_LOC_STRINGS = NO;
				SWIFT_VERSION = 5.0;
				TEST_HOST = "$(BUILT_PRODUCTS_DIR)/Scrabble-app.app/$(BUNDLE_EXECUTABLE_FOLDER_PATH)/Scrabble-app";
			};
			name = Debug;
		};
		24DE868D2CBE933400A20B7A /* Release */ = {
			isa = XCBuildConfiguration;
			buildSettings = {
				BUNDLE_LOADER = "$(TEST_HOST)";
				CODE_SIGN_STYLE = Automatic;
				CURRENT_PROJECT_VERSION = 1;
				DEVELOPMENT_TEAM = M95BWQL3S9;
				GENERATE_INFOPLIST_FILE = YES;
				MACOSX_DEPLOYMENT_TARGET = 14.6;
				MARKETING_VERSION = 1.0;
				PRODUCT_BUNDLE_IDENTIFIER = "com.georgiosklonis.Scrabble-appTests";
				PRODUCT_NAME = "$(TARGET_NAME)";
				SWIFT_EMIT_LOC_STRINGS = NO;
				SWIFT_VERSION = 5.0;
				TEST_HOST = "$(BUILT_PRODUCTS_DIR)/Scrabble-app.app/$(BUNDLE_EXECUTABLE_FOLDER_PATH)/Scrabble-app";
			};
			name = Release;
		};
		24DE868F2CBE933400A20B7A /* Debug */ = {
			isa = XCBuildConfiguration;
			buildSettings = {
				CODE_SIGN_STYLE = Automatic;
				CURRENT_PROJECT_VERSION = 1;
				DEVELOPMENT_TEAM = M95BWQL3S9;
				GENERATE_INFOPLIST_FILE = YES;
				MARKETING_VERSION = 1.0;
				PRODUCT_BUNDLE_IDENTIFIER = "com.georgiosklonis.Scrabble-appUITests";
				PRODUCT_NAME = "$(TARGET_NAME)";
				SWIFT_EMIT_LOC_STRINGS = NO;
				SWIFT_VERSION = 5.0;
				TEST_TARGET_NAME = "Scrabble-app";
			};
			name = Debug;
		};
		24DE86902CBE933400A20B7A /* Release */ = {
			isa = XCBuildConfiguration;
			buildSettings = {
				CODE_SIGN_STYLE = Automatic;
				CURRENT_PROJECT_VERSION = 1;
				DEVELOPMENT_TEAM = M95BWQL3S9;
				GENERATE_INFOPLIST_FILE = YES;
				MARKETING_VERSION = 1.0;
				PRODUCT_BUNDLE_IDENTIFIER = "com.georgiosklonis.Scrabble-appUITests";
				PRODUCT_NAME = "$(TARGET_NAME)";
				SWIFT_EMIT_LOC_STRINGS = NO;
				SWIFT_VERSION = 5.0;
				TEST_TARGET_NAME = "Scrabble-app";
			};
			name = Release;
		};
/* End XCBuildConfiguration section */

/* Begin XCConfigurationList section */
		24DE865E2CBE933300A20B7A /* Build configuration list for PBXProject "Scrabble-app" */ = {
			isa = XCConfigurationList;
			buildConfigurations = (
				24DE86862CBE933400A20B7A /* Debug */,
				24DE86872CBE933400A20B7A /* Release */,
			);
			defaultConfigurationIsVisible = 0;
			defaultConfigurationName = Release;
		};
		24DE86882CBE933400A20B7A /* Build configuration list for PBXNativeTarget "Scrabble-app" */ = {
			isa = XCConfigurationList;
			buildConfigurations = (
				24DE86892CBE933400A20B7A /* Debug */,
				24DE868A2CBE933400A20B7A /* Release */,
			);
			defaultConfigurationIsVisible = 0;
			defaultConfigurationName = Release;
		};
		24DE868B2CBE933400A20B7A /* Build configuration list for PBXNativeTarget "Scrabble-appTests" */ = {
			isa = XCConfigurationList;
			buildConfigurations = (
				24DE868C2CBE933400A20B7A /* Debug */,
				24DE868D2CBE933400A20B7A /* Release */,
			);
			defaultConfigurationIsVisible = 0;
			defaultConfigurationName = Release;
		};
		24DE868E2CBE933400A20B7A /* Build configuration list for PBXNativeTarget "Scrabble-appUITests" */ = {
			isa = XCConfigurationList;
			buildConfigurations = (
				24DE868F2CBE933400A20B7A /* Debug */,
				24DE86902CBE933400A20B7A /* Release */,
			);
			defaultConfigurationIsVisible = 0;
			defaultConfigurationName = Release;
		};
/* End XCConfigurationList section */

/* Begin XCRemoteSwiftPackageReference section */
		24DE86942CBEA22C00A20B7A /* XCRemoteSwiftPackageReference "PythonKit" */ = {
			isa = XCRemoteSwiftPackageReference;
			repositoryURL = "https://github.com/pvieito/PythonKit";
			requirement = {
				branch = master;
				kind = branch;
			};
		};
/* End XCRemoteSwiftPackageReference section */

/* Begin XCSwiftPackageProductDependency section */
		24DE86982CBEA29C00A20B7A /* PythonKit */ = {
			isa = XCSwiftPackageProductDependency;
			package = 24DE86942CBEA22C00A20B7A /* XCRemoteSwiftPackageReference "PythonKit" */;
			productName = PythonKit;
		};
/* End XCSwiftPackageProductDependency section */
	};
	rootObject = 24DE865B2CBE933300A20B7A /* Project object */;
}
